
Microsoft Visual Studio Solution File, Format Version 12.00
# Visual Studio 15
VisualStudioVersion = 15.0.28010.2050
MinimumVisualStudioVersion = 10.0.40219.1
Project("{8BC9CEB8-8B4A-11D0-8D11-00A0C91BC942}") = "Project22", "Project22\Project22.vcxproj", "{4486ACAA-3F8A-4768-AD66-AA3A07D4582C}"
EndProject
Global
	GlobalSection(SolutionConfigurationPlatforms) = preSolution
		Debug|x64 = Debug|x64
		Debug|x86 = Debug|x86
		Release|x64 = Release|x64
		Release|x86 = Release|x86
	EndGlobalSection
	GlobalSection(ProjectConfigurationPlatforms) = postSolution
		{4486ACAA-3F8A-4768-AD66-AA3A07D4582C}.Debug|x64.ActiveCfg = Debug|x64
		{4486ACAA-3F8A-4768-AD66-AA3A07D4582C}.Debug|x64.Build.0 = Debug|x64
		{4486ACAA-3F8A-4768-AD66-AA3A07D4582C}.Debug|x86.ActiveCfg = Debug|Win32
		{4486ACAA-3F8A-4768-AD66-AA3A07D4582C}.Debug|x86.Build.0 = Debug|Win32
		{4486ACAA-3F8A-4768-AD66-AA3A07D4582C}.Release|x64.ActiveCfg = Release|x64
		{4486ACAA-3F8A-4768-AD66-AA3A07D4582C}.Release|x64.Build.0 = Release|x64
		{4486ACAA-3F8A-4768-AD66-AA3A07D4582C}.Release|x86.ActiveCfg = Release|Win32
		{4486ACAA-3F8A-4768-AD66-AA3A07D4582C}.Release|x86.Build.0 = Release|Win32
	EndGlobalSection
	GlobalSection(SolutionProperties) = preSolution
		HideSolutionNode = FALSE
	EndGlobalSection
	GlobalSection(ExtensibilityGlobals) = postSolution
		SolutionGuid = {3ED3A4C9-ADB7-4292-89FF-447BD463EECF}
	EndGlobalSection
EndGlobal
